<?xml version="1.0" encoding="utf-8"?>
<Project ToolsVersion="4.0" xmlns="http://schemas.microsoft.com/developer/msbuild/2003">
  <ItemGroup>
    <ClCompile Include="controller.c" />
    <ClCompile Include="interrupts.c" />
    <ClCompile Include="port.c" />
    <ClCompile Include="queue.c" />
    <ClCompile Include="transfer.c" />
    <ClCompile Include="transfer_generic.c" />
    <ClCompile Include="transfer_isoc.c" />
    <ClCompile Include="structures\itd.c">
      <Filter>structures</Filter>
    </ClCompile>
    <ClCompile Include="structures\qh.c">
      <Filter>structures</Filter>
    </ClCompile>
    <ClCompile Include="structures\td.c">
      <Filter>structures</Filter>
    </ClCompile>
  </ItemGroup>
  <ItemGroup>
    <Filter Include="structures">
      <UniqueIdentifier>{7723ebe9-8fc6-4b92-abeb-49c740cecf4f}</UniqueIdentifier>
    </Filter>
  </ItemGroup>
  <ItemGroup>
    <ClInclude Include="ohci.h" />
  </ItemGroup>
</Project>