
Microsoft Visual Studio Solution File, Format Version 12.00
# Visual Studio 15
VisualStudioVersion = 15.0.26730.12
MinimumVisualStudioVersion = 10.0.40219.1
Project("{8BC9CEB8-8B4A-11D0-8D11-00A0C91BC942}") = "CommonLib", "..\CommonLib\CommonLib.vcxproj", "{83EE476C-AA21-4A23-9D6F-4FE675115B13}"
EndProject
Project("{8BC9CEB8-8B4A-11D0-8D11-00A0C91BC942}") = "SkyOSWin32Stub", "SkyOSWin32Stub\SkyOSWin32Stub.vcxproj", "{AA1B65BB-F62A-4E30-BC1D-0CB55BF2825E}"
EndProject
Project("{8BC9CEB8-8B4A-11D0-8D11-00A0C91BC942}") = "DllStub", "DllStub\DllStub.vcxproj", "{810F9EC9-030B-4C05-8AE0-AB9DAFEA1129}"
	ProjectSection(ProjectDependencies) = postProject
		{83EE476C-AA21-4A23-9D6F-4FE675115B13} = {83EE476C-AA21-4A23-9D6F-4FE675115B13}
	EndProjectSection
EndProject
Project("{8BC9CEB8-8B4A-11D0-8D11-00A0C91BC942}") = "SkyOSLauncher", "SkyOSLauncher\SkyOSLauncher.vcxproj", "{88FE838A-58E8-47B6-AD4D-6F917C302AB6}"
	ProjectSection(ProjectDependencies) = postProject
		{83EE476C-AA21-4A23-9D6F-4FE675115B13} = {83EE476C-AA21-4A23-9D6F-4FE675115B13}
	EndProjectSection
EndProject
Project("{8BC9CEB8-8B4A-11D0-8D11-00A0C91BC942}") = "DebugEngine", "DebugEngine\DebugEngine\DebugEngine.vcxproj", "{11360EA7-B919-44E7-9F7E-2AA6985058B5}"
	ProjectSection(ProjectDependencies) = postProject
		{83EE476C-AA21-4A23-9D6F-4FE675115B13} = {83EE476C-AA21-4A23-9D6F-4FE675115B13}
		{810F9EC9-030B-4C05-8AE0-AB9DAFEA1129} = {810F9EC9-030B-4C05-8AE0-AB9DAFEA1129}
	EndProjectSection
EndProject
Project("{8BC9CEB8-8B4A-11D0-8D11-00A0C91BC942}") = "Hangul", "HangulInput\HangulInput\HangulInput.vcxproj", "{063F5B1D-D472-4448-9AA6-942EBC947AA0}"
	ProjectSection(ProjectDependencies) = postProject
		{83EE476C-AA21-4A23-9D6F-4FE675115B13} = {83EE476C-AA21-4A23-9D6F-4FE675115B13}
		{810F9EC9-030B-4C05-8AE0-AB9DAFEA1129} = {810F9EC9-030B-4C05-8AE0-AB9DAFEA1129}
	EndProjectSection
EndProject
Project("{8BC9CEB8-8B4A-11D0-8D11-00A0C91BC942}") = "Lua5", "Lua5\Lua5\Lua5.vcxproj", "{A1B47F09-6D7C-4D4B-B05F-47DD4812E2D9}"
	ProjectSection(ProjectDependencies) = postProject
		{83EE476C-AA21-4A23-9D6F-4FE675115B13} = {83EE476C-AA21-4A23-9D6F-4FE675115B13}
	EndProjectSection
EndProject
Project("{8BC9CEB8-8B4A-11D0-8D11-00A0C91BC942}") = "Multilingual", "HangulEngine\HangulEngine\HangulEngine.vcxproj", "{D2B3DA70-6EFE-42A8-93D7-B9781342861F}"
	ProjectSection(ProjectDependencies) = postProject
		{83EE476C-AA21-4A23-9D6F-4FE675115B13} = {83EE476C-AA21-4A23-9D6F-4FE675115B13}
		{810F9EC9-030B-4C05-8AE0-AB9DAFEA1129} = {810F9EC9-030B-4C05-8AE0-AB9DAFEA1129}
	EndProjectSection
EndProject
Project("{8BC9CEB8-8B4A-11D0-8D11-00A0C91BC942}") = "SkyGUIDesktop", "SVGAEngine\SVGAEngine.vcxproj", "{A07E1037-E87A-471F-8D43-113DE5777971}"
	ProjectSection(ProjectDependencies) = postProject
		{83EE476C-AA21-4A23-9D6F-4FE675115B13} = {83EE476C-AA21-4A23-9D6F-4FE675115B13}
		{810F9EC9-030B-4C05-8AE0-AB9DAFEA1129} = {810F9EC9-030B-4C05-8AE0-AB9DAFEA1129}
	EndProjectSection
EndProject
Project("{2150E333-8FDC-42A3-9474-1A3956D46DE8}") = "ThirdParty", "ThirdParty", "{B8208FE7-B80F-4E48-A01E-136B12243976}"
EndProject
Project("{2150E333-8FDC-42A3-9474-1A3956D46DE8}") = "GUI", "GUI", "{00165D50-191D-4121-ABD2-8E42C8724244}"
EndProject
Project("{2150E333-8FDC-42A3-9474-1A3956D46DE8}") = "Font", "Font", "{91144099-AAFF-4DD7-B4D3-EF400E3FADED}"
EndProject
Project("{8BC9CEB8-8B4A-11D0-8D11-00A0C91BC942}") = "SkySDL", "SkySDL\SDL.vcxproj", "{0AD849F6-0B82-4C90-8FB5-2BCD8E64958B}"
	ProjectSection(ProjectDependencies) = postProject
		{83EE476C-AA21-4A23-9D6F-4FE675115B13} = {83EE476C-AA21-4A23-9D6F-4FE675115B13}
		{810F9EC9-030B-4C05-8AE0-AB9DAFEA1129} = {810F9EC9-030B-4C05-8AE0-AB9DAFEA1129}
	EndProjectSection
EndProject
Project("{8BC9CEB8-8B4A-11D0-8D11-00A0C91BC942}") = "SkyGUIMint64", "SkyGUIMint64\SkyGUIMint64.vcxproj", "{3BB94C29-5903-40F9-97A4-045CED8B94E6}"
	ProjectSection(ProjectDependencies) = postProject
		{83EE476C-AA21-4A23-9D6F-4FE675115B13} = {83EE476C-AA21-4A23-9D6F-4FE675115B13}
	EndProjectSection
EndProject
Project("{8BC9CEB8-8B4A-11D0-8D11-00A0C91BC942}") = "zlib128", "ThirdParty\zlib128\zlib128.vcxproj", "{6981CF47-D08A-4F3F-95BB-0F8C582803F2}"
	ProjectSection(ProjectDependencies) = postProject
		{83EE476C-AA21-4A23-9D6F-4FE675115B13} = {83EE476C-AA21-4A23-9D6F-4FE675115B13}
		{810F9EC9-030B-4C05-8AE0-AB9DAFEA1129} = {810F9EC9-030B-4C05-8AE0-AB9DAFEA1129}
	EndProjectSection
EndProject
Project("{8BC9CEB8-8B4A-11D0-8D11-00A0C91BC942}") = "libbmp", "ThirdParty\libbmp\libbmp.vcxproj", "{C20DCD43-8924-4A6A-AF6F-46F6FAB9746F}"
	ProjectSection(ProjectDependencies) = postProject
		{83EE476C-AA21-4A23-9D6F-4FE675115B13} = {83EE476C-AA21-4A23-9D6F-4FE675115B13}
		{810F9EC9-030B-4C05-8AE0-AB9DAFEA1129} = {810F9EC9-030B-4C05-8AE0-AB9DAFEA1129}
	EndProjectSection
EndProject
Project("{8BC9CEB8-8B4A-11D0-8D11-00A0C91BC942}") = "libjpeg", "ThirdParty\libjpeg\libjpeg.vcxproj", "{2859407D-B4DD-4D2F-8BD4-1CECC09D7792}"
	ProjectSection(ProjectDependencies) = postProject
		{83EE476C-AA21-4A23-9D6F-4FE675115B13} = {83EE476C-AA21-4A23-9D6F-4FE675115B13}
		{810F9EC9-030B-4C05-8AE0-AB9DAFEA1129} = {810F9EC9-030B-4C05-8AE0-AB9DAFEA1129}
	EndProjectSection
EndProject
Project("{8BC9CEB8-8B4A-11D0-8D11-00A0C91BC942}") = "libpng", "ThirdParty\libpng\libpng.vcxproj", "{00E20EDD-95FB-4885-BDF9-322647C83DFF}"
	ProjectSection(ProjectDependencies) = postProject
		{83EE476C-AA21-4A23-9D6F-4FE675115B13} = {83EE476C-AA21-4A23-9D6F-4FE675115B13}
		{810F9EC9-030B-4C05-8AE0-AB9DAFEA1129} = {810F9EC9-030B-4C05-8AE0-AB9DAFEA1129}
	EndProjectSection
EndProject
Project("{8BC9CEB8-8B4A-11D0-8D11-00A0C91BC942}") = "freetype", "ThirdParty\freetype-2.9\build\freetype.vcxproj", "{0ADA90F9-B612-3104-AD2F-F01924BD1113}"
	ProjectSection(ProjectDependencies) = postProject
		{83EE476C-AA21-4A23-9D6F-4FE675115B13} = {83EE476C-AA21-4A23-9D6F-4FE675115B13}
		{810F9EC9-030B-4C05-8AE0-AB9DAFEA1129} = {810F9EC9-030B-4C05-8AE0-AB9DAFEA1129}
	EndProjectSection
EndProject
Project("{8BC9CEB8-8B4A-11D0-8D11-00A0C91BC942}") = "SkyLua", "SkyLua\SkyLua.vcxproj", "{8B59B958-DE18-4741-94B5-FBF17959B258}"
	ProjectSection(ProjectDependencies) = postProject
		{A1B47F09-6D7C-4D4B-B05F-47DD4812E2D9} = {A1B47F09-6D7C-4D4B-B05F-47DD4812E2D9}
		{83EE476C-AA21-4A23-9D6F-4FE675115B13} = {83EE476C-AA21-4A23-9D6F-4FE675115B13}
		{810F9EC9-030B-4C05-8AE0-AB9DAFEA1129} = {810F9EC9-030B-4C05-8AE0-AB9DAFEA1129}
	EndProjectSection
EndProject
Project("{8BC9CEB8-8B4A-11D0-8D11-00A0C91BC942}") = "SkyImgui", "SkyImGUI\SkyDesktop.vcxproj", "{6D48C7C6-1A6A-4FDF-B0FA-7CBBC46F0F0D}"
	ProjectSection(ProjectDependencies) = postProject
		{83EE476C-AA21-4A23-9D6F-4FE675115B13} = {83EE476C-AA21-4A23-9D6F-4FE675115B13}
		{810F9EC9-030B-4C05-8AE0-AB9DAFEA1129} = {810F9EC9-030B-4C05-8AE0-AB9DAFEA1129}
		{0AD849F6-0B82-4C90-8FB5-2BCD8E64958B} = {0AD849F6-0B82-4C90-8FB5-2BCD8E64958B}
	EndProjectSection
EndProject
Project("{8BC9CEB8-8B4A-11D0-8D11-00A0C91BC942}") = "RME", "RME\RME.vcxproj", "{6D021D92-9D1E-4782-B299-57A17571985A}"
	ProjectSection(ProjectDependencies) = postProject
		{83EE476C-AA21-4A23-9D6F-4FE675115B13} = {83EE476C-AA21-4A23-9D6F-4FE675115B13}
		{810F9EC9-030B-4C05-8AE0-AB9DAFEA1129} = {810F9EC9-030B-4C05-8AE0-AB9DAFEA1129}
	EndProjectSection
EndProject
Project("{8BC9CEB8-8B4A-11D0-8D11-00A0C91BC942}") = "SkyOS", "SkyOS\SkyOS.vcxproj", "{8B7CD70D-1D44-44E1-AAA8-B0529072BE37}"
	ProjectSection(ProjectDependencies) = postProject
		{83EE476C-AA21-4A23-9D6F-4FE675115B13} = {83EE476C-AA21-4A23-9D6F-4FE675115B13}
		{AA1B65BB-F62A-4E30-BC1D-0CB55BF2825E} = {AA1B65BB-F62A-4E30-BC1D-0CB55BF2825E}
		{1E2B5BCD-1285-441E-84E3-352A31810001} = {1E2B5BCD-1285-441E-84E3-352A31810001}
		{0AD849F6-0B82-4C90-8FB5-2BCD8E64958B} = {0AD849F6-0B82-4C90-8FB5-2BCD8E64958B}
	EndProjectSection
EndProject
Project("{8BC9CEB8-8B4A-11D0-8D11-00A0C91BC942}") = "libmodplug", "ThirdParty\libmodplug\libmodplug.vcxproj", "{4752570F-11CC-4A64-8419-D638CC06FD7B}"
EndProject
Project("{8BC9CEB8-8B4A-11D0-8D11-00A0C91BC942}") = "SkyCore", "SkyCore\SkyLib.vcxproj", "{1E2B5BCD-1285-441E-84E3-352A31810001}"
	ProjectSection(ProjectDependencies) = postProject
		{83EE476C-AA21-4A23-9D6F-4FE675115B13} = {83EE476C-AA21-4A23-9D6F-4FE675115B13}
		{810F9EC9-030B-4C05-8AE0-AB9DAFEA1129} = {810F9EC9-030B-4C05-8AE0-AB9DAFEA1129}
	EndProjectSection
EndProject
Global
	GlobalSection(SolutionConfigurationPlatforms) = preSolution
		Debug|x64 = Debug|x64
		Debug|x86 = Debug|x86
		MinSizeRel|x64 = MinSizeRel|x64
		MinSizeRel|x86 = MinSizeRel|x86
		Release|x64 = Release|x64
		Release|x86 = Release|x86
		RelWithDebInfo|x64 = RelWithDebInfo|x64
		RelWithDebInfo|x86 = RelWithDebInfo|x86
	EndGlobalSection
	GlobalSection(ProjectConfigurationPlatforms) = postSolution
		{83EE476C-AA21-4A23-9D6F-4FE675115B13}.Debug|x64.ActiveCfg = Debug|Win32
		{83EE476C-AA21-4A23-9D6F-4FE675115B13}.Debug|x86.ActiveCfg = Debug|Win32
		{83EE476C-AA21-4A23-9D6F-4FE675115B13}.Debug|x86.Build.0 = Debug|Win32
		{83EE476C-AA21-4A23-9D6F-4FE675115B13}.MinSizeRel|x64.ActiveCfg = Release|Win32
		{83EE476C-AA21-4A23-9D6F-4FE675115B13}.MinSizeRel|x64.Build.0 = Release|Win32
		{83EE476C-AA21-4A23-9D6F-4FE675115B13}.MinSizeRel|x64.Deploy.0 = Release|Win32
		{83EE476C-AA21-4A23-9D6F-4FE675115B13}.MinSizeRel|x86.ActiveCfg = Release|Win32
		{83EE476C-AA21-4A23-9D6F-4FE675115B13}.MinSizeRel|x86.Build.0 = Release|Win32
		{83EE476C-AA21-4A23-9D6F-4FE675115B13}.MinSizeRel|x86.Deploy.0 = Release|Win32
		{83EE476C-AA21-4A23-9D6F-4FE675115B13}.Release|x64.ActiveCfg = Release|Win32
		{83EE476C-AA21-4A23-9D6F-4FE675115B13}.Release|x86.ActiveCfg = Release|Win32
		{83EE476C-AA21-4A23-9D6F-4FE675115B13}.Release|x86.Build.0 = Release|Win32
		{83EE476C-AA21-4A23-9D6F-4FE675115B13}.RelWithDebInfo|x64.ActiveCfg = Release|Win32
		{83EE476C-AA21-4A23-9D6F-4FE675115B13}.RelWithDebInfo|x64.Build.0 = Release|Win32
		{83EE476C-AA21-4A23-9D6F-4FE675115B13}.RelWithDebInfo|x64.Deploy.0 = Release|Win32
		{83EE476C-AA21-4A23-9D6F-4FE675115B13}.RelWithDebInfo|x86.ActiveCfg = Release|Win32
		{83EE476C-AA21-4A23-9D6F-4FE675115B13}.RelWithDebInfo|x86.Build.0 = Release|Win32
		{83EE476C-AA21-4A23-9D6F-4FE675115B13}.RelWithDebInfo|x86.Deploy.0 = Release|Win32
		{AA1B65BB-F62A-4E30-BC1D-0CB55BF2825E}.Debug|x64.ActiveCfg = Debug|x64
		{AA1B65BB-F62A-4E30-BC1D-0CB55BF2825E}.Debug|x64.Build.0 = Debug|x64
		{AA1B65BB-F62A-4E30-BC1D-0CB55BF2825E}.Debug|x86.ActiveCfg = Debug|Win32
		{AA1B65BB-F62A-4E30-BC1D-0CB55BF2825E}.Debug|x86.Build.0 = Debug|Win32
		{AA1B65BB-F62A-4E30-BC1D-0CB55BF2825E}.MinSizeRel|x64.ActiveCfg = Release|x64
		{AA1B65BB-F62A-4E30-BC1D-0CB55BF2825E}.MinSizeRel|x64.Build.0 = Release|x64
		{AA1B65BB-F62A-4E30-BC1D-0CB55BF2825E}.MinSizeRel|x64.Deploy.0 = Release|x64
		{AA1B65BB-F62A-4E30-BC1D-0CB55BF2825E}.MinSizeRel|x86.ActiveCfg = Release|Win32
		{AA1B65BB-F62A-4E30-BC1D-0CB55BF2825E}.MinSizeRel|x86.Build.0 = Release|Win32
		{AA1B65BB-F62A-4E30-BC1D-0CB55BF2825E}.MinSizeRel|x86.Deploy.0 = Release|Win32
		{AA1B65BB-F62A-4E30-BC1D-0CB55BF2825E}.Release|x64.ActiveCfg = Release|x64
		{AA1B65BB-F62A-4E30-BC1D-0CB55BF2825E}.Release|x64.Build.0 = Release|x64
		{AA1B65BB-F62A-4E30-BC1D-0CB55BF2825E}.Release|x86.ActiveCfg = Release|Win32
		{AA1B65BB-F62A-4E30-BC1D-0CB55BF2825E}.Release|x86.Build.0 = Release|Win32
		{AA1B65BB-F62A-4E30-BC1D-0CB55BF2825E}.RelWithDebInfo|x64.ActiveCfg = Release|x64
		{AA1B65BB-F62A-4E30-BC1D-0CB55BF2825E}.RelWithDebInfo|x64.Build.0 = Release|x64
		{AA1B65BB-F62A-4E30-BC1D-0CB55BF2825E}.RelWithDebInfo|x64.Deploy.0 = Release|x64
		{AA1B65BB-F62A-4E30-BC1D-0CB55BF2825E}.RelWithDebInfo|x86.ActiveCfg = Release|Win32
		{AA1B65BB-F62A-4E30-BC1D-0CB55BF2825E}.RelWithDebInfo|x86.Build.0 = Release|Win32
		{AA1B65BB-F62A-4E30-BC1D-0CB55BF2825E}.RelWithDebInfo|x86.Deploy.0 = Release|Win32
		{810F9EC9-030B-4C05-8AE0-AB9DAFEA1129}.Debug|x64.ActiveCfg = Debug|x64
		{810F9EC9-030B-4C05-8AE0-AB9DAFEA1129}.Debug|x64.Build.0 = Debug|x64
		{810F9EC9-030B-4C05-8AE0-AB9DAFEA1129}.Debug|x86.ActiveCfg = Debug|Win32
		{810F9EC9-030B-4C05-8AE0-AB9DAFEA1129}.Debug|x86.Build.0 = Debug|Win32
		{810F9EC9-030B-4C05-8AE0-AB9DAFEA1129}.MinSizeRel|x64.ActiveCfg = Release|x64
		{810F9EC9-030B-4C05-8AE0-AB9DAFEA1129}.MinSizeRel|x64.Build.0 = Release|x64
		{810F9EC9-030B-4C05-8AE0-AB9DAFEA1129}.MinSizeRel|x64.Deploy.0 = Release|x64
		{810F9EC9-030B-4C05-8AE0-AB9DAFEA1129}.MinSizeRel|x86.ActiveCfg = Release|Win32
		{810F9EC9-030B-4C05-8AE0-AB9DAFEA1129}.MinSizeRel|x86.Build.0 = Release|Win32
		{810F9EC9-030B-4C05-8AE0-AB9DAFEA1129}.MinSizeRel|x86.Deploy.0 = Release|Win32
		{810F9EC9-030B-4C05-8AE0-AB9DAFEA1129}.Release|x64.ActiveCfg = Release|x64
		{810F9EC9-030B-4C05-8AE0-AB9DAFEA1129}.Release|x64.Build.0 = Release|x64
		{810F9EC9-030B-4C05-8AE0-AB9DAFEA1129}.Release|x86.ActiveCfg = Release|Win32
		{810F9EC9-030B-4C05-8AE0-AB9DAFEA1129}.Release|x86.Build.0 = Release|Win32
		{810F9EC9-030B-4C05-8AE0-AB9DAFEA1129}.RelWithDebInfo|x64.ActiveCfg = Release|x64
		{810F9EC9-030B-4C05-8AE0-AB9DAFEA1129}.RelWithDebInfo|x64.Build.0 = Release|x64
		{810F9EC9-030B-4C05-8AE0-AB9DAFEA1129}.RelWithDebInfo|x64.Deploy.0 = Release|x64
		{810F9EC9-030B-4C05-8AE0-AB9DAFEA1129}.RelWithDebInfo|x86.ActiveCfg = Release|Win32
		{810F9EC9-030B-4C05-8AE0-AB9DAFEA1129}.RelWithDebInfo|x86.Build.0 = Release|Win32
		{810F9EC9-030B-4C05-8AE0-AB9DAFEA1129}.RelWithDebInfo|x86.Deploy.0 = Release|Win32
		{88FE838A-58E8-47B6-AD4D-6F917C302AB6}.Debug|x64.ActiveCfg = Debug|Win32
		{88FE838A-58E8-47B6-AD4D-6F917C302AB6}.Debug|x86.ActiveCfg = Debug|Win32
		{88FE838A-58E8-47B6-AD4D-6F917C302AB6}.Debug|x86.Build.0 = Debug|Win32
		{88FE838A-58E8-47B6-AD4D-6F917C302AB6}.MinSizeRel|x64.ActiveCfg = Release|Win32
		{88FE838A-58E8-47B6-AD4D-6F917C302AB6}.MinSizeRel|x64.Build.0 = Release|Win32
		{88FE838A-58E8-47B6-AD4D-6F917C302AB6}.MinSizeRel|x64.Deploy.0 = Release|Win32
		{88FE838A-58E8-47B6-AD4D-6F917C302AB6}.MinSizeRel|x86.ActiveCfg = Release|Win32
		{88FE838A-58E8-47B6-AD4D-6F917C302AB6}.MinSizeRel|x86.Build.0 = Release|Win32
		{88FE838A-58E8-47B6-AD4D-6F917C302AB6}.MinSizeRel|x86.Deploy.0 = Release|Win32
		{88FE838A-58E8-47B6-AD4D-6F917C302AB6}.Release|x64.ActiveCfg = Release|Win32
		{88FE838A-58E8-47B6-AD4D-6F917C302AB6}.Release|x86.ActiveCfg = Release|Win32
		{88FE838A-58E8-47B6-AD4D-6F917C302AB6}.Release|x86.Build.0 = Release|Win32
		{88FE838A-58E8-47B6-AD4D-6F917C302AB6}.RelWithDebInfo|x64.ActiveCfg = Release|Win32
		{88FE838A-58E8-47B6-AD4D-6F917C302AB6}.RelWithDebInfo|x64.Build.0 = Release|Win32
		{88FE838A-58E8-47B6-AD4D-6F917C302AB6}.RelWithDebInfo|x64.Deploy.0 = Release|Win32
		{88FE838A-58E8-47B6-AD4D-6F917C302AB6}.RelWithDebInfo|x86.ActiveCfg = Release|Win32
		{88FE838A-58E8-47B6-AD4D-6F917C302AB6}.RelWithDebInfo|x86.Build.0 = Release|Win32
		{88FE838A-58E8-47B6-AD4D-6F917C302AB6}.RelWithDebInfo|x86.Deploy.0 = Release|Win32
		{11360EA7-B919-44E7-9F7E-2AA6985058B5}.Debug|x64.ActiveCfg = Debug|x64
		{11360EA7-B919-44E7-9F7E-2AA6985058B5}.Debug|x64.Build.0 = Debug|x64
		{11360EA7-B919-44E7-9F7E-2AA6985058B5}.Debug|x86.ActiveCfg = Debug|Win32
		{11360EA7-B919-44E7-9F7E-2AA6985058B5}.Debug|x86.Build.0 = Debug|Win32
		{11360EA7-B919-44E7-9F7E-2AA6985058B5}.MinSizeRel|x64.ActiveCfg = Release|x64
		{11360EA7-B919-44E7-9F7E-2AA6985058B5}.MinSizeRel|x64.Build.0 = Release|x64
		{11360EA7-B919-44E7-9F7E-2AA6985058B5}.MinSizeRel|x64.Deploy.0 = Release|x64
		{11360EA7-B919-44E7-9F7E-2AA6985058B5}.MinSizeRel|x86.ActiveCfg = Release|Win32
		{11360EA7-B919-44E7-9F7E-2AA6985058B5}.MinSizeRel|x86.Build.0 = Release|Win32
		{11360EA7-B919-44E7-9F7E-2AA6985058B5}.MinSizeRel|x86.Deploy.0 = Release|Win32
		{11360EA7-B919-44E7-9F7E-2AA6985058B5}.Release|x64.ActiveCfg = Release|x64
		{11360EA7-B919-44E7-9F7E-2AA6985058B5}.Release|x64.Build.0 = Release|x64
		{11360EA7-B919-44E7-9F7E-2AA6985058B5}.Release|x86.ActiveCfg = Release|Win32
		{11360EA7-B919-44E7-9F7E-2AA6985058B5}.Release|x86.Build.0 = Release|Win32
		{11360EA7-B919-44E7-9F7E-2AA6985058B5}.RelWithDebInfo|x64.ActiveCfg = Release|x64
		{11360EA7-B919-44E7-9F7E-2AA6985058B5}.RelWithDebInfo|x64.Build.0 = Release|x64
		{11360EA7-B919-44E7-9F7E-2AA6985058B5}.RelWithDebInfo|x64.Deploy.0 = Release|x64
		{11360EA7-B919-44E7-9F7E-2AA6985058B5}.RelWithDebInfo|x86.ActiveCfg = Release|Win32
		{11360EA7-B919-44E7-9F7E-2AA6985058B5}.RelWithDebInfo|x86.Build.0 = Release|Win32
		{11360EA7-B919-44E7-9F7E-2AA6985058B5}.RelWithDebInfo|x86.Deploy.0 = Release|Win32
		{063F5B1D-D472-4448-9AA6-942EBC947AA0}.Debug|x64.ActiveCfg = Debug|x64
		{063F5B1D-D472-4448-9AA6-942EBC947AA0}.Debug|x64.Build.0 = Debug|x64
		{063F5B1D-D472-4448-9AA6-942EBC947AA0}.Debug|x86.ActiveCfg = Debug|Win32
		{063F5B1D-D472-4448-9AA6-942EBC947AA0}.Debug|x86.Build.0 = Debug|Win32
		{063F5B1D-D472-4448-9AA6-942EBC947AA0}.MinSizeRel|x64.ActiveCfg = Release|x64
		{063F5B1D-D472-4448-9AA6-942EBC947AA0}.MinSizeRel|x64.Build.0 = Release|x64
		{063F5B1D-D472-4448-9AA6-942EBC947AA0}.MinSizeRel|x64.Deploy.0 = Release|x64
		{063F5B1D-D472-4448-9AA6-942EBC947AA0}.MinSizeRel|x86.ActiveCfg = Release|Win32
		{063F5B1D-D472-4448-9AA6-942EBC947AA0}.MinSizeRel|x86.Build.0 = Release|Win32
		{063F5B1D-D472-4448-9AA6-942EBC947AA0}.MinSizeRel|x86.Deploy.0 = Release|Win32
		{063F5B1D-D472-4448-9AA6-942EBC947AA0}.Release|x64.ActiveCfg = Release|x64
		{063F5B1D-D472-4448-9AA6-942EBC947AA0}.Release|x64.Build.0 = Release|x64
		{063F5B1D-D472-4448-9AA6-942EBC947AA0}.Release|x86.ActiveCfg = Release|Win32
		{063F5B1D-D472-4448-9AA6-942EBC947AA0}.Release|x86.Build.0 = Release|Win32
		{063F5B1D-D472-4448-9AA6-942EBC947AA0}.RelWithDebInfo|x64.ActiveCfg = Release|x64
		{063F5B1D-D472-4448-9AA6-942EBC947AA0}.RelWithDebInfo|x64.Build.0 = Release|x64
		{063F5B1D-D472-4448-9AA6-942EBC947AA0}.RelWithDebInfo|x64.Deploy.0 = Release|x64
		{063F5B1D-D472-4448-9AA6-942EBC947AA0}.RelWithDebInfo|x86.ActiveCfg = Release|Win32
		{063F5B1D-D472-4448-9AA6-942EBC947AA0}.RelWithDebInfo|x86.Build.0 = Release|Win32
		{063F5B1D-D472-4448-9AA6-942EBC947AA0}.RelWithDebInfo|x86.Deploy.0 = Release|Win32
		{A1B47F09-6D7C-4D4B-B05F-47DD4812E2D9}.Debug|x64.ActiveCfg = Debug|x64
		{A1B47F09-6D7C-4D4B-B05F-47DD4812E2D9}.Debug|x64.Build.0 = Debug|x64
		{A1B47F09-6D7C-4D4B-B05F-47DD4812E2D9}.Debug|x86.ActiveCfg = Debug|Win32
		{A1B47F09-6D7C-4D4B-B05F-47DD4812E2D9}.Debug|x86.Build.0 = Debug|Win32
		{A1B47F09-6D7C-4D4B-B05F-47DD4812E2D9}.MinSizeRel|x64.ActiveCfg = Release|x64
		{A1B47F09-6D7C-4D4B-B05F-47DD4812E2D9}.MinSizeRel|x64.Build.0 = Release|x64
		{A1B47F09-6D7C-4D4B-B05F-47DD4812E2D9}.MinSizeRel|x64.Deploy.0 = Release|x64
		{A1B47F09-6D7C-4D4B-B05F-47DD4812E2D9}.MinSizeRel|x86.ActiveCfg = Release|Win32
		{A1B47F09-6D7C-4D4B-B05F-47DD4812E2D9}.MinSizeRel|x86.Build.0 = Release|Win32
		{A1B47F09-6D7C-4D4B-B05F-47DD4812E2D9}.MinSizeRel|x86.Deploy.0 = Release|Win32
		{A1B47F09-6D7C-4D4B-B05F-47DD4812E2D9}.Release|x64.ActiveCfg = Release|x64
		{A1B47F09-6D7C-4D4B-B05F-47DD4812E2D9}.Release|x64.Build.0 = Release|x64
		{A1B47F09-6D7C-4D4B-B05F-47DD4812E2D9}.Release|x86.ActiveCfg = Release|Win32
		{A1B47F09-6D7C-4D4B-B05F-47DD4812E2D9}.Release|x86.Build.0 = Release|Win32
		{A1B47F09-6D7C-4D4B-B05F-47DD4812E2D9}.RelWithDebInfo|x64.ActiveCfg = Release|x64
		{A1B47F09-6D7C-4D4B-B05F-47DD4812E2D9}.RelWithDebInfo|x64.Build.0 = Release|x64
		{A1B47F09-6D7C-4D4B-B05F-47DD4812E2D9}.RelWithDebInfo|x64.Deploy.0 = Release|x64
		{A1B47F09-6D7C-4D4B-B05F-47DD4812E2D9}.RelWithDebInfo|x86.ActiveCfg = Release|Win32
		{A1B47F09-6D7C-4D4B-B05F-47DD4812E2D9}.RelWithDebInfo|x86.Build.0 = Release|Win32
		{A1B47F09-6D7C-4D4B-B05F-47DD4812E2D9}.RelWithDebInfo|x86.Deploy.0 = Release|Win32
		{D2B3DA70-6EFE-42A8-93D7-B9781342861F}.Debug|x64.ActiveCfg = Debug|x64
		{D2B3DA70-6EFE-42A8-93D7-B9781342861F}.Debug|x64.Build.0 = Debug|x64
		{D2B3DA70-6EFE-42A8-93D7-B9781342861F}.Debug|x86.ActiveCfg = Debug|Win32
		{D2B3DA70-6EFE-42A8-93D7-B9781342861F}.Debug|x86.Build.0 = Debug|Win32
		{D2B3DA70-6EFE-42A8-93D7-B9781342861F}.MinSizeRel|x64.ActiveCfg = Release|x64
		{D2B3DA70-6EFE-42A8-93D7-B9781342861F}.MinSizeRel|x64.Build.0 = Release|x64
		{D2B3DA70-6EFE-42A8-93D7-B9781342861F}.MinSizeRel|x64.Deploy.0 = Release|x64
		{D2B3DA70-6EFE-42A8-93D7-B9781342861F}.MinSizeRel|x86.ActiveCfg = Release|Win32
		{D2B3DA70-6EFE-42A8-93D7-B9781342861F}.MinSizeRel|x86.Build.0 = Release|Win32
		{D2B3DA70-6EFE-42A8-93D7-B9781342861F}.MinSizeRel|x86.Deploy.0 = Release|Win32
		{D2B3DA70-6EFE-42A8-93D7-B9781342861F}.Release|x64.ActiveCfg = Release|x64
		{D2B3DA70-6EFE-42A8-93D7-B9781342861F}.Release|x64.Build.0 = Release|x64
		{D2B3DA70-6EFE-42A8-93D7-B9781342861F}.Release|x86.ActiveCfg = Release|Win32
		{D2B3DA70-6EFE-42A8-93D7-B9781342861F}.Release|x86.Build.0 = Release|Win32
		{D2B3DA70-6EFE-42A8-93D7-B9781342861F}.RelWithDebInfo|x64.ActiveCfg = Release|x64
		{D2B3DA70-6EFE-42A8-93D7-B9781342861F}.RelWithDebInfo|x64.Build.0 = Release|x64
		{D2B3DA70-6EFE-42A8-93D7-B9781342861F}.RelWithDebInfo|x64.Deploy.0 = Release|x64
		{D2B3DA70-6EFE-42A8-93D7-B9781342861F}.RelWithDebInfo|x86.ActiveCfg = Release|Win32
		{D2B3DA70-6EFE-42A8-93D7-B9781342861F}.RelWithDebInfo|x86.Build.0 = Release|Win32
		{D2B3DA70-6EFE-42A8-93D7-B9781342861F}.RelWithDebInfo|x86.Deploy.0 = Release|Win32
		{A07E1037-E87A-471F-8D43-113DE5777971}.Debug|x64.ActiveCfg = Debug|x64
		{A07E1037-E87A-471F-8D43-113DE5777971}.Debug|x64.Build.0 = Debug|x64
		{A07E1037-E87A-471F-8D43-113DE5777971}.Debug|x86.ActiveCfg = Debug|Win32
		{A07E1037-E87A-471F-8D43-113DE5777971}.Debug|x86.Build.0 = Debug|Win32
		{A07E1037-E87A-471F-8D43-113DE5777971}.MinSizeRel|x64.ActiveCfg = Release|x64
		{A07E1037-E87A-471F-8D43-113DE5777971}.MinSizeRel|x64.Build.0 = Release|x64
		{A07E1037-E87A-471F-8D43-113DE5777971}.MinSizeRel|x64.Deploy.0 = Release|x64
		{A07E1037-E87A-471F-8D43-113DE5777971}.MinSizeRel|x86.ActiveCfg = Release|Win32
		{A07E1037-E87A-471F-8D43-113DE5777971}.MinSizeRel|x86.Build.0 = Release|Win32
		{A07E1037-E87A-471F-8D43-113DE5777971}.MinSizeRel|x86.Deploy.0 = Release|Win32
		{A07E1037-E87A-471F-8D43-113DE5777971}.Release|x64.ActiveCfg = Release|x64
		{A07E1037-E87A-471F-8D43-113DE5777971}.Release|x64.Build.0 = Release|x64
		{A07E1037-E87A-471F-8D43-113DE5777971}.Release|x86.ActiveCfg = Release|Win32
		{A07E1037-E87A-471F-8D43-113DE5777971}.Release|x86.Build.0 = Release|Win32
		{A07E1037-E87A-471F-8D43-113DE5777971}.RelWithDebInfo|x64.ActiveCfg = Release|x64
		{A07E1037-E87A-471F-8D43-113DE5777971}.RelWithDebInfo|x64.Build.0 = Release|x64
		{A07E1037-E87A-471F-8D43-113DE5777971}.RelWithDebInfo|x64.Deploy.0 = Release|x64
		{A07E1037-E87A-471F-8D43-113DE5777971}.RelWithDebInfo|x86.ActiveCfg = Release|Win32
		{A07E1037-E87A-471F-8D43-113DE5777971}.RelWithDebInfo|x86.Build.0 = Release|Win32
		{A07E1037-E87A-471F-8D43-113DE5777971}.RelWithDebInfo|x86.Deploy.0 = Release|Win32
		{0AD849F6-0B82-4C90-8FB5-2BCD8E64958B}.Debug|x64.ActiveCfg = Debug|x64
		{0AD849F6-0B82-4C90-8FB5-2BCD8E64958B}.Debug|x64.Build.0 = Debug|x64
		{0AD849F6-0B82-4C90-8FB5-2BCD8E64958B}.Debug|x86.ActiveCfg = Debug|Win32
		{0AD849F6-0B82-4C90-8FB5-2BCD8E64958B}.Debug|x86.Build.0 = Debug|Win32
		{0AD849F6-0B82-4C90-8FB5-2BCD8E64958B}.MinSizeRel|x64.ActiveCfg = Release|x64
		{0AD849F6-0B82-4C90-8FB5-2BCD8E64958B}.MinSizeRel|x64.Build.0 = Release|x64
		{0AD849F6-0B82-4C90-8FB5-2BCD8E64958B}.MinSizeRel|x64.Deploy.0 = Release|x64
		{0AD849F6-0B82-4C90-8FB5-2BCD8E64958B}.MinSizeRel|x86.ActiveCfg = Release|Win32
		{0AD849F6-0B82-4C90-8FB5-2BCD8E64958B}.MinSizeRel|x86.Build.0 = Release|Win32
		{0AD849F6-0B82-4C90-8FB5-2BCD8E64958B}.MinSizeRel|x86.Deploy.0 = Release|Win32
		{0AD849F6-0B82-4C90-8FB5-2BCD8E64958B}.Release|x64.ActiveCfg = Release|x64
		{0AD849F6-0B82-4C90-8FB5-2BCD8E64958B}.Release|x64.Build.0 = Release|x64
		{0AD849F6-0B82-4C90-8FB5-2BCD8E64958B}.Release|x86.ActiveCfg = Release|Win32
		{0AD849F6-0B82-4C90-8FB5-2BCD8E64958B}.Release|x86.Build.0 = Release|Win32
		{0AD849F6-0B82-4C90-8FB5-2BCD8E64958B}.RelWithDebInfo|x64.ActiveCfg = Release|x64
		{0AD849F6-0B82-4C90-8FB5-2BCD8E64958B}.RelWithDebInfo|x64.Build.0 = Release|x64
		{0AD849F6-0B82-4C90-8FB5-2BCD8E64958B}.RelWithDebInfo|x64.Deploy.0 = Release|x64
		{0AD849F6-0B82-4C90-8FB5-2BCD8E64958B}.RelWithDebInfo|x86.ActiveCfg = Release|Win32
		{0AD849F6-0B82-4C90-8FB5-2BCD8E64958B}.RelWithDebInfo|x86.Build.0 = Release|Win32
		{0AD849F6-0B82-4C90-8FB5-2BCD8E64958B}.RelWithDebInfo|x86.Deploy.0 = Release|Win32
		{3BB94C29-5903-40F9-97A4-045CED8B94E6}.Debug|x64.ActiveCfg = Debug|x64
		{3BB94C29-5903-40F9-97A4-045CED8B94E6}.Debug|x64.Build.0 = Debug|x64
		{3BB94C29-5903-40F9-97A4-045CED8B94E6}.Debug|x86.ActiveCfg = Debug|Win32
		{3BB94C29-5903-40F9-97A4-045CED8B94E6}.Debug|x86.Build.0 = Debug|Win32
		{3BB94C29-5903-40F9-97A4-045CED8B94E6}.MinSizeRel|x64.ActiveCfg = Release|x64
		{3BB94C29-5903-40F9-97A4-045CED8B94E6}.MinSizeRel|x64.Build.0 = Release|x64
		{3BB94C29-5903-40F9-97A4-045CED8B94E6}.MinSizeRel|x64.Deploy.0 = Release|x64
		{3BB94C29-5903-40F9-97A4-045CED8B94E6}.MinSizeRel|x86.ActiveCfg = Release|Win32
		{3BB94C29-5903-40F9-97A4-045CED8B94E6}.MinSizeRel|x86.Build.0 = Release|Win32
		{3BB94C29-5903-40F9-97A4-045CED8B94E6}.MinSizeRel|x86.Deploy.0 = Release|Win32
		{3BB94C29-5903-40F9-97A4-045CED8B94E6}.Release|x64.ActiveCfg = Release|x64
		{3BB94C29-5903-40F9-97A4-045CED8B94E6}.Release|x64.Build.0 = Release|x64
		{3BB94C29-5903-40F9-97A4-045CED8B94E6}.Release|x86.ActiveCfg = Release|Win32
		{3BB94C29-5903-40F9-97A4-045CED8B94E6}.Release|x86.Build.0 = Release|Win32
		{3BB94C29-5903-40F9-97A4-045CED8B94E6}.RelWithDebInfo|x64.ActiveCfg = Release|x64
		{3BB94C29-5903-40F9-97A4-045CED8B94E6}.RelWithDebInfo|x64.Build.0 = Release|x64
		{3BB94C29-5903-40F9-97A4-045CED8B94E6}.RelWithDebInfo|x64.Deploy.0 = Release|x64
		{3BB94C29-5903-40F9-97A4-045CED8B94E6}.RelWithDebInfo|x86.ActiveCfg = Release|Win32
		{3BB94C29-5903-40F9-97A4-045CED8B94E6}.RelWithDebInfo|x86.Build.0 = Release|Win32
		{3BB94C29-5903-40F9-97A4-045CED8B94E6}.RelWithDebInfo|x86.Deploy.0 = Release|Win32
		{6981CF47-D08A-4F3F-95BB-0F8C582803F2}.Debug|x64.ActiveCfg = Debug|x64
		{6981CF47-D08A-4F3F-95BB-0F8C582803F2}.Debug|x64.Build.0 = Debug|x64
		{6981CF47-D08A-4F3F-95BB-0F8C582803F2}.Debug|x86.ActiveCfg = Debug|Win32
		{6981CF47-D08A-4F3F-95BB-0F8C582803F2}.Debug|x86.Build.0 = Debug|Win32
		{6981CF47-D08A-4F3F-95BB-0F8C582803F2}.MinSizeRel|x64.ActiveCfg = Release|x64
		{6981CF47-D08A-4F3F-95BB-0F8C582803F2}.MinSizeRel|x64.Build.0 = Release|x64
		{6981CF47-D08A-4F3F-95BB-0F8C582803F2}.MinSizeRel|x64.Deploy.0 = Release|x64
		{6981CF47-D08A-4F3F-95BB-0F8C582803F2}.MinSizeRel|x86.ActiveCfg = Release|Win32
		{6981CF47-D08A-4F3F-95BB-0F8C582803F2}.MinSizeRel|x86.Build.0 = Release|Win32
		{6981CF47-D08A-4F3F-95BB-0F8C582803F2}.MinSizeRel|x86.Deploy.0 = Release|Win32
		{6981CF47-D08A-4F3F-95BB-0F8C582803F2}.Release|x64.ActiveCfg = Release|x64
		{6981CF47-D08A-4F3F-95BB-0F8C582803F2}.Release|x64.Build.0 = Release|x64
		{6981CF47-D08A-4F3F-95BB-0F8C582803F2}.Release|x86.ActiveCfg = Release|Win32
		{6981CF47-D08A-4F3F-95BB-0F8C582803F2}.Release|x86.Build.0 = Release|Win32
		{6981CF47-D08A-4F3F-95BB-0F8C582803F2}.RelWithDebInfo|x64.ActiveCfg = Release|x64
		{6981CF47-D08A-4F3F-95BB-0F8C582803F2}.RelWithDebInfo|x64.Build.0 = Release|x64
		{6981CF47-D08A-4F3F-95BB-0F8C582803F2}.RelWithDebInfo|x64.Deploy.0 = Release|x64
		{6981CF47-D08A-4F3F-95BB-0F8C582803F2}.RelWithDebInfo|x86.ActiveCfg = Release|Win32
		{6981CF47-D08A-4F3F-95BB-0F8C582803F2}.RelWithDebInfo|x86.Build.0 = Release|Win32
		{6981CF47-D08A-4F3F-95BB-0F8C582803F2}.RelWithDebInfo|x86.Deploy.0 = Release|Win32
		{C20DCD43-8924-4A6A-AF6F-46F6FAB9746F}.Debug|x64.ActiveCfg = Debug|x64
		{C20DCD43-8924-4A6A-AF6F-46F6FAB9746F}.Debug|x64.Build.0 = Debug|x64
		{C20DCD43-8924-4A6A-AF6F-46F6FAB9746F}.Debug|x86.ActiveCfg = Debug|Win32
		{C20DCD43-8924-4A6A-AF6F-46F6FAB9746F}.Debug|x86.Build.0 = Debug|Win32
		{C20DCD43-8924-4A6A-AF6F-46F6FAB9746F}.MinSizeRel|x64.ActiveCfg = Release|x64
		{C20DCD43-8924-4A6A-AF6F-46F6FAB9746F}.MinSizeRel|x64.Build.0 = Release|x64
		{C20DCD43-8924-4A6A-AF6F-46F6FAB9746F}.MinSizeRel|x64.Deploy.0 = Release|x64
		{C20DCD43-8924-4A6A-AF6F-46F6FAB9746F}.MinSizeRel|x86.ActiveCfg = Release|Win32
		{C20DCD43-8924-4A6A-AF6F-46F6FAB9746F}.MinSizeRel|x86.Build.0 = Release|Win32
		{C20DCD43-8924-4A6A-AF6F-46F6FAB9746F}.MinSizeRel|x86.Deploy.0 = Release|Win32
		{C20DCD43-8924-4A6A-AF6F-46F6FAB9746F}.Release|x64.ActiveCfg = Release|x64
		{C20DCD43-8924-4A6A-AF6F-46F6FAB9746F}.Release|x64.Build.0 = Release|x64
		{C20DCD43-8924-4A6A-AF6F-46F6FAB9746F}.Release|x86.ActiveCfg = Release|Win32
		{C20DCD43-8924-4A6A-AF6F-46F6FAB9746F}.Release|x86.Build.0 = Release|Win32
		{C20DCD43-8924-4A6A-AF6F-46F6FAB9746F}.RelWithDebInfo|x64.ActiveCfg = Release|x64
		{C20DCD43-8924-4A6A-AF6F-46F6FAB9746F}.RelWithDebInfo|x64.Build.0 = Release|x64
		{C20DCD43-8924-4A6A-AF6F-46F6FAB9746F}.RelWithDebInfo|x64.Deploy.0 = Release|x64
		{C20DCD43-8924-4A6A-AF6F-46F6FAB9746F}.RelWithDebInfo|x86.ActiveCfg = Release|Win32
		{C20DCD43-8924-4A6A-AF6F-46F6FAB9746F}.RelWithDebInfo|x86.Build.0 = Release|Win32
		{C20DCD43-8924-4A6A-AF6F-46F6FAB9746F}.RelWithDebInfo|x86.Deploy.0 = Release|Win32
		{2859407D-B4DD-4D2F-8BD4-1CECC09D7792}.Debug|x64.ActiveCfg = Debug|x64
		{2859407D-B4DD-4D2F-8BD4-1CECC09D7792}.Debug|x64.Build.0 = Debug|x64
		{2859407D-B4DD-4D2F-8BD4-1CECC09D7792}.Debug|x86.ActiveCfg = Debug|Win32
		{2859407D-B4DD-4D2F-8BD4-1CECC09D7792}.Debug|x86.Build.0 = Debug|Win32
		{2859407D-B4DD-4D2F-8BD4-1CECC09D7792}.MinSizeRel|x64.ActiveCfg = Release|x64
		{2859407D-B4DD-4D2F-8BD4-1CECC09D7792}.MinSizeRel|x64.Build.0 = Release|x64
		{2859407D-B4DD-4D2F-8BD4-1CECC09D7792}.MinSizeRel|x64.Deploy.0 = Release|x64
		{2859407D-B4DD-4D2F-8BD4-1CECC09D7792}.MinSizeRel|x86.ActiveCfg = Release|Win32
		{2859407D-B4DD-4D2F-8BD4-1CECC09D7792}.MinSizeRel|x86.Build.0 = Release|Win32
		{2859407D-B4DD-4D2F-8BD4-1CECC09D7792}.MinSizeRel|x86.Deploy.0 = Release|Win32
		{2859407D-B4DD-4D2F-8BD4-1CECC09D7792}.Release|x64.ActiveCfg = Release|x64
		{2859407D-B4DD-4D2F-8BD4-1CECC09D7792}.Release|x64.Build.0 = Release|x64
		{2859407D-B4DD-4D2F-8BD4-1CECC09D7792}.Release|x86.ActiveCfg = Release|Win32
		{2859407D-B4DD-4D2F-8BD4-1CECC09D7792}.Release|x86.Build.0 = Release|Win32
		{2859407D-B4DD-4D2F-8BD4-1CECC09D7792}.RelWithDebInfo|x64.ActiveCfg = Release|x64
		{2859407D-B4DD-4D2F-8BD4-1CECC09D7792}.RelWithDebInfo|x64.Build.0 = Release|x64
		{2859407D-B4DD-4D2F-8BD4-1CECC09D7792}.RelWithDebInfo|x64.Deploy.0 = Release|x64
		{2859407D-B4DD-4D2F-8BD4-1CECC09D7792}.RelWithDebInfo|x86.ActiveCfg = Release|Win32
		{2859407D-B4DD-4D2F-8BD4-1CECC09D7792}.RelWithDebInfo|x86.Build.0 = Release|Win32
		{2859407D-B4DD-4D2F-8BD4-1CECC09D7792}.RelWithDebInfo|x86.Deploy.0 = Release|Win32
		{00E20EDD-95FB-4885-BDF9-322647C83DFF}.Debug|x64.ActiveCfg = Debug|x64
		{00E20EDD-95FB-4885-BDF9-322647C83DFF}.Debug|x64.Build.0 = Debug|x64
		{00E20EDD-95FB-4885-BDF9-322647C83DFF}.Debug|x86.ActiveCfg = Debug|Win32
		{00E20EDD-95FB-4885-BDF9-322647C83DFF}.Debug|x86.Build.0 = Debug|Win32
		{00E20EDD-95FB-4885-BDF9-322647C83DFF}.MinSizeRel|x64.ActiveCfg = Release|x64
		{00E20EDD-95FB-4885-BDF9-322647C83DFF}.MinSizeRel|x64.Build.0 = Release|x64
		{00E20EDD-95FB-4885-BDF9-322647C83DFF}.MinSizeRel|x64.Deploy.0 = Release|x64
		{00E20EDD-95FB-4885-BDF9-322647C83DFF}.MinSizeRel|x86.ActiveCfg = Release|Win32
		{00E20EDD-95FB-4885-BDF9-322647C83DFF}.MinSizeRel|x86.Build.0 = Release|Win32
		{00E20EDD-95FB-4885-BDF9-322647C83DFF}.MinSizeRel|x86.Deploy.0 = Release|Win32
		{00E20EDD-95FB-4885-BDF9-322647C83DFF}.Release|x64.ActiveCfg = Release|x64
		{00E20EDD-95FB-4885-BDF9-322647C83DFF}.Release|x64.Build.0 = Release|x64
		{00E20EDD-95FB-4885-BDF9-322647C83DFF}.Release|x86.ActiveCfg = Release|Win32
		{00E20EDD-95FB-4885-BDF9-322647C83DFF}.Release|x86.Build.0 = Release|Win32
		{00E20EDD-95FB-4885-BDF9-322647C83DFF}.RelWithDebInfo|x64.ActiveCfg = Release|x64
		{00E20EDD-95FB-4885-BDF9-322647C83DFF}.RelWithDebInfo|x64.Build.0 = Release|x64
		{00E20EDD-95FB-4885-BDF9-322647C83DFF}.RelWithDebInfo|x64.Deploy.0 = Release|x64
		{00E20EDD-95FB-4885-BDF9-322647C83DFF}.RelWithDebInfo|x86.ActiveCfg = Release|Win32
		{00E20EDD-95FB-4885-BDF9-322647C83DFF}.RelWithDebInfo|x86.Build.0 = Release|Win32
		{00E20EDD-95FB-4885-BDF9-322647C83DFF}.RelWithDebInfo|x86.Deploy.0 = Release|Win32
		{0ADA90F9-B612-3104-AD2F-F01924BD1113}.Debug|x64.ActiveCfg = Debug|Win32
		{0ADA90F9-B612-3104-AD2F-F01924BD1113}.Debug|x86.ActiveCfg = Debug|Win32
		{0ADA90F9-B612-3104-AD2F-F01924BD1113}.Debug|x86.Build.0 = Debug|Win32
		{0ADA90F9-B612-3104-AD2F-F01924BD1113}.MinSizeRel|x64.ActiveCfg = MinSizeRel|Win32
		{0ADA90F9-B612-3104-AD2F-F01924BD1113}.MinSizeRel|x86.ActiveCfg = MinSizeRel|Win32
		{0ADA90F9-B612-3104-AD2F-F01924BD1113}.MinSizeRel|x86.Build.0 = MinSizeRel|Win32
		{0ADA90F9-B612-3104-AD2F-F01924BD1113}.Release|x64.ActiveCfg = Release|Win32
		{0ADA90F9-B612-3104-AD2F-F01924BD1113}.Release|x86.ActiveCfg = Release|Win32
		{0ADA90F9-B612-3104-AD2F-F01924BD1113}.Release|x86.Build.0 = Release|Win32
		{0ADA90F9-B612-3104-AD2F-F01924BD1113}.RelWithDebInfo|x64.ActiveCfg = RelWithDebInfo|Win32
		{0ADA90F9-B612-3104-AD2F-F01924BD1113}.RelWithDebInfo|x86.ActiveCfg = RelWithDebInfo|Win32
		{0ADA90F9-B612-3104-AD2F-F01924BD1113}.RelWithDebInfo|x86.Build.0 = RelWithDebInfo|Win32
		{8B59B958-DE18-4741-94B5-FBF17959B258}.Debug|x64.ActiveCfg = Debug|x64
		{8B59B958-DE18-4741-94B5-FBF17959B258}.Debug|x64.Build.0 = Debug|x64
		{8B59B958-DE18-4741-94B5-FBF17959B258}.Debug|x86.ActiveCfg = Debug|Win32
		{8B59B958-DE18-4741-94B5-FBF17959B258}.Debug|x86.Build.0 = Debug|Win32
		{8B59B958-DE18-4741-94B5-FBF17959B258}.MinSizeRel|x64.ActiveCfg = Release|x64
		{8B59B958-DE18-4741-94B5-FBF17959B258}.MinSizeRel|x64.Build.0 = Release|x64
		{8B59B958-DE18-4741-94B5-FBF17959B258}.MinSizeRel|x86.ActiveCfg = Release|Win32
		{8B59B958-DE18-4741-94B5-FBF17959B258}.MinSizeRel|x86.Build.0 = Release|Win32
		{8B59B958-DE18-4741-94B5-FBF17959B258}.Release|x64.ActiveCfg = Release|x64
		{8B59B958-DE18-4741-94B5-FBF17959B258}.Release|x64.Build.0 = Release|x64
		{8B59B958-DE18-4741-94B5-FBF17959B258}.Release|x86.ActiveCfg = Release|Win32
		{8B59B958-DE18-4741-94B5-FBF17959B258}.Release|x86.Build.0 = Release|Win32
		{8B59B958-DE18-4741-94B5-FBF17959B258}.RelWithDebInfo|x64.ActiveCfg = Release|x64
		{8B59B958-DE18-4741-94B5-FBF17959B258}.RelWithDebInfo|x64.Build.0 = Release|x64
		{8B59B958-DE18-4741-94B5-FBF17959B258}.RelWithDebInfo|x86.ActiveCfg = Release|Win32
		{8B59B958-DE18-4741-94B5-FBF17959B258}.RelWithDebInfo|x86.Build.0 = Release|Win32
		{6D48C7C6-1A6A-4FDF-B0FA-7CBBC46F0F0D}.Debug|x64.ActiveCfg = Debug|x64
		{6D48C7C6-1A6A-4FDF-B0FA-7CBBC46F0F0D}.Debug|x64.Build.0 = Debug|x64
		{6D48C7C6-1A6A-4FDF-B0FA-7CBBC46F0F0D}.Debug|x86.ActiveCfg = Debug|Win32
		{6D48C7C6-1A6A-4FDF-B0FA-7CBBC46F0F0D}.Debug|x86.Build.0 = Debug|Win32
		{6D48C7C6-1A6A-4FDF-B0FA-7CBBC46F0F0D}.MinSizeRel|x64.ActiveCfg = Release|x64
		{6D48C7C6-1A6A-4FDF-B0FA-7CBBC46F0F0D}.MinSizeRel|x64.Build.0 = Release|x64
		{6D48C7C6-1A6A-4FDF-B0FA-7CBBC46F0F0D}.MinSizeRel|x86.ActiveCfg = Release|Win32
		{6D48C7C6-1A6A-4FDF-B0FA-7CBBC46F0F0D}.MinSizeRel|x86.Build.0 = Release|Win32
		{6D48C7C6-1A6A-4FDF-B0FA-7CBBC46F0F0D}.Release|x64.ActiveCfg = Release|x64
		{6D48C7C6-1A6A-4FDF-B0FA-7CBBC46F0F0D}.Release|x64.Build.0 = Release|x64
		{6D48C7C6-1A6A-4FDF-B0FA-7CBBC46F0F0D}.Release|x86.ActiveCfg = Release|Win32
		{6D48C7C6-1A6A-4FDF-B0FA-7CBBC46F0F0D}.Release|x86.Build.0 = Release|Win32
		{6D48C7C6-1A6A-4FDF-B0FA-7CBBC46F0F0D}.RelWithDebInfo|x64.ActiveCfg = Release|x64
		{6D48C7C6-1A6A-4FDF-B0FA-7CBBC46F0F0D}.RelWithDebInfo|x64.Build.0 = Release|x64
		{6D48C7C6-1A6A-4FDF-B0FA-7CBBC46F0F0D}.RelWithDebInfo|x86.ActiveCfg = Release|Win32
		{6D48C7C6-1A6A-4FDF-B0FA-7CBBC46F0F0D}.RelWithDebInfo|x86.Build.0 = Release|Win32
		{6D021D92-9D1E-4782-B299-57A17571985A}.Debug|x64.ActiveCfg = Debug|x64
		{6D021D92-9D1E-4782-B299-57A17571985A}.Debug|x64.Build.0 = Debug|x64
		{6D021D92-9D1E-4782-B299-57A17571985A}.Debug|x86.ActiveCfg = Debug|Win32
		{6D021D92-9D1E-4782-B299-57A17571985A}.Debug|x86.Build.0 = Debug|Win32
		{6D021D92-9D1E-4782-B299-57A17571985A}.MinSizeRel|x64.ActiveCfg = Release|x64
		{6D021D92-9D1E-4782-B299-57A17571985A}.MinSizeRel|x64.Build.0 = Release|x64
		{6D021D92-9D1E-4782-B299-57A17571985A}.MinSizeRel|x86.ActiveCfg = Release|Win32
		{6D021D92-9D1E-4782-B299-57A17571985A}.MinSizeRel|x86.Build.0 = Release|Win32
		{6D021D92-9D1E-4782-B299-57A17571985A}.Release|x64.ActiveCfg = Release|x64
		{6D021D92-9D1E-4782-B299-57A17571985A}.Release|x64.Build.0 = Release|x64
		{6D021D92-9D1E-4782-B299-57A17571985A}.Release|x86.ActiveCfg = Release|Win32
		{6D021D92-9D1E-4782-B299-57A17571985A}.Release|x86.Build.0 = Release|Win32
		{6D021D92-9D1E-4782-B299-57A17571985A}.RelWithDebInfo|x64.ActiveCfg = Release|x64
		{6D021D92-9D1E-4782-B299-57A17571985A}.RelWithDebInfo|x64.Build.0 = Release|x64
		{6D021D92-9D1E-4782-B299-57A17571985A}.RelWithDebInfo|x86.ActiveCfg = Release|Win32
		{6D021D92-9D1E-4782-B299-57A17571985A}.RelWithDebInfo|x86.Build.0 = Release|Win32
		{8B7CD70D-1D44-44E1-AAA8-B0529072BE37}.Debug|x64.ActiveCfg = Debug|Win32
		{8B7CD70D-1D44-44E1-AAA8-B0529072BE37}.Debug|x86.ActiveCfg = Debug|Win32
		{8B7CD70D-1D44-44E1-AAA8-B0529072BE37}.Debug|x86.Build.0 = Debug|Win32
		{8B7CD70D-1D44-44E1-AAA8-B0529072BE37}.MinSizeRel|x64.ActiveCfg = Release|Win32
		{8B7CD70D-1D44-44E1-AAA8-B0529072BE37}.MinSizeRel|x64.Build.0 = Release|Win32
		{8B7CD70D-1D44-44E1-AAA8-B0529072BE37}.MinSizeRel|x86.ActiveCfg = Release|Win32
		{8B7CD70D-1D44-44E1-AAA8-B0529072BE37}.MinSizeRel|x86.Build.0 = Release|Win32
		{8B7CD70D-1D44-44E1-AAA8-B0529072BE37}.Release|x64.ActiveCfg = Release|Win32
		{8B7CD70D-1D44-44E1-AAA8-B0529072BE37}.Release|x86.ActiveCfg = Release|Win32
		{8B7CD70D-1D44-44E1-AAA8-B0529072BE37}.Release|x86.Build.0 = Release|Win32
		{8B7CD70D-1D44-44E1-AAA8-B0529072BE37}.RelWithDebInfo|x64.ActiveCfg = Release|Win32
		{8B7CD70D-1D44-44E1-AAA8-B0529072BE37}.RelWithDebInfo|x64.Build.0 = Release|Win32
		{8B7CD70D-1D44-44E1-AAA8-B0529072BE37}.RelWithDebInfo|x86.ActiveCfg = Release|Win32
		{8B7CD70D-1D44-44E1-AAA8-B0529072BE37}.RelWithDebInfo|x86.Build.0 = Release|Win32
		{4752570F-11CC-4A64-8419-D638CC06FD7B}.Debug|x64.ActiveCfg = Debug|x64
		{4752570F-11CC-4A64-8419-D638CC06FD7B}.Debug|x64.Build.0 = Debug|x64
		{4752570F-11CC-4A64-8419-D638CC06FD7B}.Debug|x86.ActiveCfg = Debug|Win32
		{4752570F-11CC-4A64-8419-D638CC06FD7B}.Debug|x86.Build.0 = Debug|Win32
		{4752570F-11CC-4A64-8419-D638CC06FD7B}.MinSizeRel|x64.ActiveCfg = Release|x64
		{4752570F-11CC-4A64-8419-D638CC06FD7B}.MinSizeRel|x64.Build.0 = Release|x64
		{4752570F-11CC-4A64-8419-D638CC06FD7B}.MinSizeRel|x86.ActiveCfg = Release|Win32
		{4752570F-11CC-4A64-8419-D638CC06FD7B}.MinSizeRel|x86.Build.0 = Release|Win32
		{4752570F-11CC-4A64-8419-D638CC06FD7B}.Release|x64.ActiveCfg = Release|x64
		{4752570F-11CC-4A64-8419-D638CC06FD7B}.Release|x64.Build.0 = Release|x64
		{4752570F-11CC-4A64-8419-D638CC06FD7B}.Release|x86.ActiveCfg = Release|Win32
		{4752570F-11CC-4A64-8419-D638CC06FD7B}.Release|x86.Build.0 = Release|Win32
		{4752570F-11CC-4A64-8419-D638CC06FD7B}.RelWithDebInfo|x64.ActiveCfg = Release|x64
		{4752570F-11CC-4A64-8419-D638CC06FD7B}.RelWithDebInfo|x64.Build.0 = Release|x64
		{4752570F-11CC-4A64-8419-D638CC06FD7B}.RelWithDebInfo|x86.ActiveCfg = Release|Win32
		{4752570F-11CC-4A64-8419-D638CC06FD7B}.RelWithDebInfo|x86.Build.0 = Release|Win32
		{1E2B5BCD-1285-441E-84E3-352A31810001}.Debug|x64.ActiveCfg = Debug|Win32
		{1E2B5BCD-1285-441E-84E3-352A31810001}.Debug|x86.ActiveCfg = Debug|Win32
		{1E2B5BCD-1285-441E-84E3-352A31810001}.Debug|x86.Build.0 = Debug|Win32
		{1E2B5BCD-1285-441E-84E3-352A31810001}.MinSizeRel|x64.ActiveCfg = Release|Win32
		{1E2B5BCD-1285-441E-84E3-352A31810001}.MinSizeRel|x64.Build.0 = Release|Win32
		{1E2B5BCD-1285-441E-84E3-352A31810001}.MinSizeRel|x86.ActiveCfg = Release|Win32
		{1E2B5BCD-1285-441E-84E3-352A31810001}.MinSizeRel|x86.Build.0 = Release|Win32
		{1E2B5BCD-1285-441E-84E3-352A31810001}.Release|x64.ActiveCfg = Release|Win32
		{1E2B5BCD-1285-441E-84E3-352A31810001}.Release|x86.ActiveCfg = Release|Win32
		{1E2B5BCD-1285-441E-84E3-352A31810001}.Release|x86.Build.0 = Release|Win32
		{1E2B5BCD-1285-441E-84E3-352A31810001}.RelWithDebInfo|x64.ActiveCfg = Release|Win32
		{1E2B5BCD-1285-441E-84E3-352A31810001}.RelWithDebInfo|x64.Build.0 = Release|Win32
		{1E2B5BCD-1285-441E-84E3-352A31810001}.RelWithDebInfo|x86.ActiveCfg = Release|Win32
		{1E2B5BCD-1285-441E-84E3-352A31810001}.RelWithDebInfo|x86.Build.0 = Release|Win32
	EndGlobalSection
	GlobalSection(SolutionProperties) = preSolution
		HideSolutionNode = FALSE
	EndGlobalSection
	GlobalSection(NestedProjects) = preSolution
		{063F5B1D-D472-4448-9AA6-942EBC947AA0} = {91144099-AAFF-4DD7-B4D3-EF400E3FADED}
		{A1B47F09-6D7C-4D4B-B05F-47DD4812E2D9} = {B8208FE7-B80F-4E48-A01E-136B12243976}
		{D2B3DA70-6EFE-42A8-93D7-B9781342861F} = {91144099-AAFF-4DD7-B4D3-EF400E3FADED}
		{A07E1037-E87A-471F-8D43-113DE5777971} = {00165D50-191D-4121-ABD2-8E42C8724244}
		{0AD849F6-0B82-4C90-8FB5-2BCD8E64958B} = {00165D50-191D-4121-ABD2-8E42C8724244}
		{3BB94C29-5903-40F9-97A4-045CED8B94E6} = {00165D50-191D-4121-ABD2-8E42C8724244}
		{6981CF47-D08A-4F3F-95BB-0F8C582803F2} = {B8208FE7-B80F-4E48-A01E-136B12243976}
		{C20DCD43-8924-4A6A-AF6F-46F6FAB9746F} = {B8208FE7-B80F-4E48-A01E-136B12243976}
		{2859407D-B4DD-4D2F-8BD4-1CECC09D7792} = {B8208FE7-B80F-4E48-A01E-136B12243976}
		{00E20EDD-95FB-4885-BDF9-322647C83DFF} = {B8208FE7-B80F-4E48-A01E-136B12243976}
		{0ADA90F9-B612-3104-AD2F-F01924BD1113} = {B8208FE7-B80F-4E48-A01E-136B12243976}
		{6D48C7C6-1A6A-4FDF-B0FA-7CBBC46F0F0D} = {00165D50-191D-4121-ABD2-8E42C8724244}
		{4752570F-11CC-4A64-8419-D638CC06FD7B} = {B8208FE7-B80F-4E48-A01E-136B12243976}
	EndGlobalSection
	GlobalSection(ExtensibilityGlobals) = postSolution
		SolutionGuid = {3A883608-C613-4311-8112-9AF2B1E31ED4}
	EndGlobalSection
EndGlobal
