
Microsoft Visual Studio Solution File, Format Version 12.00
# Visual Studio 15
VisualStudioVersion = 15.0.26730.12
MinimumVisualStudioVersion = 10.0.40219.1
Project("{8BC9CEB8-8B4A-11D0-8D11-00A0C91BC942}") = "CommonLib", "..\CommonLib\CommonLib.vcxproj", "{83EE476C-AA21-4A23-9D6F-4FE675115B13}"
EndProject
Project("{8BC9CEB8-8B4A-11D0-8D11-00A0C91BC942}") = "libc", "lib\libc\libc.vcxproj", "{8E7D5110-F6AF-4540-A93C-7E3968B9826F}"
EndProject
Project("{8BC9CEB8-8B4A-11D0-8D11-00A0C91BC942}") = "libm", "lib\libm\libm.vcxproj.vcxproj", "{36286252-25AE-45C5-BE6E-0A1F650D3B39}"
EndProject
Project("{8BC9CEB8-8B4A-11D0-8D11-00A0C91BC942}") = "libusb", "lib\libusb\libusb.vcxproj", "{639B9B4D-F626-4982-B37B-2970395FE092}"
EndProject
Project("{8BC9CEB8-8B4A-11D0-8D11-00A0C91BC942}") = "usbmanager", "lib\usbmanager\usbmanager.vcxproj", "{5A2DEB56-7823-4826-8342-75A8B98D4E1D}"
	ProjectSection(ProjectDependencies) = postProject
		{639B9B4D-F626-4982-B37B-2970395FE092} = {639B9B4D-F626-4982-B37B-2970395FE092}
		{83EE476C-AA21-4A23-9D6F-4FE675115B13} = {83EE476C-AA21-4A23-9D6F-4FE675115B13}
	EndProjectSection
EndProject
Project("{8BC9CEB8-8B4A-11D0-8D11-00A0C91BC942}") = "ehci", "lib\ehci\ehci.vcxproj", "{6C71A8DE-AB05-452F-BE1B-309C9342B87E}"
	ProjectSection(ProjectDependencies) = postProject
		{639B9B4D-F626-4982-B37B-2970395FE092} = {639B9B4D-F626-4982-B37B-2970395FE092}
		{83EE476C-AA21-4A23-9D6F-4FE675115B13} = {83EE476C-AA21-4A23-9D6F-4FE675115B13}
	EndProjectSection
EndProject
Global
	GlobalSection(SolutionConfigurationPlatforms) = preSolution
		DEBUG_WIN32_DLL|x64 = DEBUG_WIN32_DLL|x64
		DEBUG_WIN32_DLL|x86 = DEBUG_WIN32_DLL|x86
		DEBUG_WIN32|x64 = DEBUG_WIN32|x64
		DEBUG_WIN32|x86 = DEBUG_WIN32|x86
		Debug|x64 = Debug|x64
		Debug|x86 = Debug|x86
		Release|x64 = Release|x64
		Release|x86 = Release|x86
	EndGlobalSection
	GlobalSection(ProjectConfigurationPlatforms) = postSolution
		{83EE476C-AA21-4A23-9D6F-4FE675115B13}.DEBUG_WIN32_DLL|x64.ActiveCfg = DEBUG_WIN32_DLL|Win32
		{83EE476C-AA21-4A23-9D6F-4FE675115B13}.DEBUG_WIN32_DLL|x86.ActiveCfg = DEBUG_WIN32_DLL|Win32
		{83EE476C-AA21-4A23-9D6F-4FE675115B13}.DEBUG_WIN32_DLL|x86.Build.0 = DEBUG_WIN32_DLL|Win32
		{83EE476C-AA21-4A23-9D6F-4FE675115B13}.DEBUG_WIN32|x64.ActiveCfg = DEBUG_WIN32|Win32
		{83EE476C-AA21-4A23-9D6F-4FE675115B13}.DEBUG_WIN32|x86.ActiveCfg = DEBUG_WIN32|Win32
		{83EE476C-AA21-4A23-9D6F-4FE675115B13}.DEBUG_WIN32|x86.Build.0 = DEBUG_WIN32|Win32
		{83EE476C-AA21-4A23-9D6F-4FE675115B13}.Debug|x64.ActiveCfg = Debug|Win32
		{83EE476C-AA21-4A23-9D6F-4FE675115B13}.Debug|x86.ActiveCfg = Debug|Win32
		{83EE476C-AA21-4A23-9D6F-4FE675115B13}.Debug|x86.Build.0 = Debug|Win32
		{83EE476C-AA21-4A23-9D6F-4FE675115B13}.Release|x64.ActiveCfg = Release|Win32
		{83EE476C-AA21-4A23-9D6F-4FE675115B13}.Release|x86.ActiveCfg = Release|Win32
		{83EE476C-AA21-4A23-9D6F-4FE675115B13}.Release|x86.Build.0 = Release|Win32
		{8E7D5110-F6AF-4540-A93C-7E3968B9826F}.DEBUG_WIN32_DLL|x64.ActiveCfg = DEBUG_WIN32_DLL|Win32
		{8E7D5110-F6AF-4540-A93C-7E3968B9826F}.DEBUG_WIN32_DLL|x86.ActiveCfg = DEBUG_WIN32_DLL|Win32
		{8E7D5110-F6AF-4540-A93C-7E3968B9826F}.DEBUG_WIN32_DLL|x86.Build.0 = DEBUG_WIN32_DLL|Win32
		{8E7D5110-F6AF-4540-A93C-7E3968B9826F}.DEBUG_WIN32|x64.ActiveCfg = DEBUG_WIN32|Win32
		{8E7D5110-F6AF-4540-A93C-7E3968B9826F}.DEBUG_WIN32|x86.ActiveCfg = DEBUG_WIN32|Win32
		{8E7D5110-F6AF-4540-A93C-7E3968B9826F}.DEBUG_WIN32|x86.Build.0 = DEBUG_WIN32|Win32
		{8E7D5110-F6AF-4540-A93C-7E3968B9826F}.Debug|x64.ActiveCfg = Debug|Win32
		{8E7D5110-F6AF-4540-A93C-7E3968B9826F}.Debug|x86.ActiveCfg = Debug|Win32
		{8E7D5110-F6AF-4540-A93C-7E3968B9826F}.Debug|x86.Build.0 = Debug|Win32
		{8E7D5110-F6AF-4540-A93C-7E3968B9826F}.Release|x64.ActiveCfg = Release|Win32
		{8E7D5110-F6AF-4540-A93C-7E3968B9826F}.Release|x86.ActiveCfg = Release|Win32
		{8E7D5110-F6AF-4540-A93C-7E3968B9826F}.Release|x86.Build.0 = Release|Win32
		{36286252-25AE-45C5-BE6E-0A1F650D3B39}.DEBUG_WIN32_DLL|x64.ActiveCfg = DEBUG_WIN32_DLL|Win32
		{36286252-25AE-45C5-BE6E-0A1F650D3B39}.DEBUG_WIN32_DLL|x86.ActiveCfg = DEBUG_WIN32_DLL|Win32
		{36286252-25AE-45C5-BE6E-0A1F650D3B39}.DEBUG_WIN32_DLL|x86.Build.0 = DEBUG_WIN32_DLL|Win32
		{36286252-25AE-45C5-BE6E-0A1F650D3B39}.DEBUG_WIN32|x64.ActiveCfg = DEBUG_WIN32|Win32
		{36286252-25AE-45C5-BE6E-0A1F650D3B39}.DEBUG_WIN32|x86.ActiveCfg = DEBUG_WIN32|Win32
		{36286252-25AE-45C5-BE6E-0A1F650D3B39}.DEBUG_WIN32|x86.Build.0 = DEBUG_WIN32|Win32
		{36286252-25AE-45C5-BE6E-0A1F650D3B39}.Debug|x64.ActiveCfg = Debug|Win32
		{36286252-25AE-45C5-BE6E-0A1F650D3B39}.Debug|x86.ActiveCfg = Debug|Win32
		{36286252-25AE-45C5-BE6E-0A1F650D3B39}.Debug|x86.Build.0 = Debug|Win32
		{36286252-25AE-45C5-BE6E-0A1F650D3B39}.Release|x64.ActiveCfg = Release|Win32
		{36286252-25AE-45C5-BE6E-0A1F650D3B39}.Release|x86.ActiveCfg = Release|Win32
		{36286252-25AE-45C5-BE6E-0A1F650D3B39}.Release|x86.Build.0 = Release|Win32
		{639B9B4D-F626-4982-B37B-2970395FE092}.DEBUG_WIN32_DLL|x64.ActiveCfg = DEBUG_WIN32_DLL|Win32
		{639B9B4D-F626-4982-B37B-2970395FE092}.DEBUG_WIN32_DLL|x86.ActiveCfg = DEBUG_WIN32_DLL|Win32
		{639B9B4D-F626-4982-B37B-2970395FE092}.DEBUG_WIN32_DLL|x86.Build.0 = DEBUG_WIN32_DLL|Win32
		{639B9B4D-F626-4982-B37B-2970395FE092}.DEBUG_WIN32|x64.ActiveCfg = DEBUG_WIN32|Win32
		{639B9B4D-F626-4982-B37B-2970395FE092}.DEBUG_WIN32|x86.ActiveCfg = DEBUG_WIN32|Win32
		{639B9B4D-F626-4982-B37B-2970395FE092}.DEBUG_WIN32|x86.Build.0 = DEBUG_WIN32|Win32
		{639B9B4D-F626-4982-B37B-2970395FE092}.Debug|x64.ActiveCfg = Debug|Win32
		{639B9B4D-F626-4982-B37B-2970395FE092}.Debug|x86.ActiveCfg = Debug|Win32
		{639B9B4D-F626-4982-B37B-2970395FE092}.Debug|x86.Build.0 = Debug|Win32
		{639B9B4D-F626-4982-B37B-2970395FE092}.Release|x64.ActiveCfg = Release|Win32
		{639B9B4D-F626-4982-B37B-2970395FE092}.Release|x86.ActiveCfg = Release|Win32
		{639B9B4D-F626-4982-B37B-2970395FE092}.Release|x86.Build.0 = Release|Win32
		{5A2DEB56-7823-4826-8342-75A8B98D4E1D}.DEBUG_WIN32_DLL|x64.ActiveCfg = DEBUG_WIN32_DLL|Win32
		{5A2DEB56-7823-4826-8342-75A8B98D4E1D}.DEBUG_WIN32_DLL|x86.ActiveCfg = DEBUG_WIN32_DLL|Win32
		{5A2DEB56-7823-4826-8342-75A8B98D4E1D}.DEBUG_WIN32_DLL|x86.Build.0 = DEBUG_WIN32_DLL|Win32
		{5A2DEB56-7823-4826-8342-75A8B98D4E1D}.DEBUG_WIN32|x64.ActiveCfg = DEBUG_WIN32|Win32
		{5A2DEB56-7823-4826-8342-75A8B98D4E1D}.DEBUG_WIN32|x86.ActiveCfg = DEBUG_WIN32|Win32
		{5A2DEB56-7823-4826-8342-75A8B98D4E1D}.DEBUG_WIN32|x86.Build.0 = DEBUG_WIN32|Win32
		{5A2DEB56-7823-4826-8342-75A8B98D4E1D}.Debug|x64.ActiveCfg = Debug|Win32
		{5A2DEB56-7823-4826-8342-75A8B98D4E1D}.Debug|x86.ActiveCfg = Debug|Win32
		{5A2DEB56-7823-4826-8342-75A8B98D4E1D}.Debug|x86.Build.0 = Debug|Win32
		{5A2DEB56-7823-4826-8342-75A8B98D4E1D}.Release|x64.ActiveCfg = Release|Win32
		{5A2DEB56-7823-4826-8342-75A8B98D4E1D}.Release|x86.ActiveCfg = Release|Win32
		{5A2DEB56-7823-4826-8342-75A8B98D4E1D}.Release|x86.Build.0 = Release|Win32
		{6C71A8DE-AB05-452F-BE1B-309C9342B87E}.DEBUG_WIN32_DLL|x64.ActiveCfg = DEBUG_WIN32_DLL|Win32
		{6C71A8DE-AB05-452F-BE1B-309C9342B87E}.DEBUG_WIN32_DLL|x86.ActiveCfg = DEBUG_WIN32_DLL|Win32
		{6C71A8DE-AB05-452F-BE1B-309C9342B87E}.DEBUG_WIN32_DLL|x86.Build.0 = DEBUG_WIN32_DLL|Win32
		{6C71A8DE-AB05-452F-BE1B-309C9342B87E}.DEBUG_WIN32|x64.ActiveCfg = DEBUG_WIN32|Win32
		{6C71A8DE-AB05-452F-BE1B-309C9342B87E}.DEBUG_WIN32|x86.ActiveCfg = DEBUG_WIN32|Win32
		{6C71A8DE-AB05-452F-BE1B-309C9342B87E}.DEBUG_WIN32|x86.Build.0 = DEBUG_WIN32|Win32
		{6C71A8DE-AB05-452F-BE1B-309C9342B87E}.Debug|x64.ActiveCfg = Debug|Win32
		{6C71A8DE-AB05-452F-BE1B-309C9342B87E}.Debug|x86.ActiveCfg = Debug|Win32
		{6C71A8DE-AB05-452F-BE1B-309C9342B87E}.Debug|x86.Build.0 = Debug|Win32
		{6C71A8DE-AB05-452F-BE1B-309C9342B87E}.Release|x64.ActiveCfg = Release|Win32
		{6C71A8DE-AB05-452F-BE1B-309C9342B87E}.Release|x86.ActiveCfg = Release|Win32
		{6C71A8DE-AB05-452F-BE1B-309C9342B87E}.Release|x86.Build.0 = Release|Win32
	EndGlobalSection
	GlobalSection(SolutionProperties) = preSolution
		HideSolutionNode = FALSE
	EndGlobalSection
	GlobalSection(ExtensibilityGlobals) = postSolution
		SolutionGuid = {3A883608-C613-4311-8112-9AF2B1E31ED4}
	EndGlobalSection
EndGlobal
