
Microsoft Visual Studio Solution File, Format Version 12.00
# Visual Studio 15
VisualStudioVersion = 15.0.26730.12
MinimumVisualStudioVersion = 10.0.40219.1
Project("{8BC9CEB8-8B4A-11D0-8D11-00A0C91BC942}") = "CommonLib", "..\CommonLib\CommonLib.vcxproj", "{83EE476C-AA21-4A23-9D6F-4FE675115B13}"
EndProject
Project("{8BC9CEB8-8B4A-11D0-8D11-00A0C91BC942}") = "SkyOS32", "Kernel\SkyOS32.vcxproj", "{3EEB4C94-0534-40F5-BBF1-01C0C0AC5658}"
	ProjectSection(ProjectDependencies) = postProject
		{A1B47F09-6D7C-4D4B-B05F-47DD4812E2D9} = {A1B47F09-6D7C-4D4B-B05F-47DD4812E2D9}
		{83EE476C-AA21-4A23-9D6F-4FE675115B13} = {83EE476C-AA21-4A23-9D6F-4FE675115B13}
		{88FE838A-58E8-47B6-AD4D-6F917C302AB6} = {88FE838A-58E8-47B6-AD4D-6F917C302AB6}
		{11360EA7-B919-44E7-9F7E-2AA6985058B5} = {11360EA7-B919-44E7-9F7E-2AA6985058B5}
		{AA1B65BB-F62A-4E30-BC1D-0CB55BF2825E} = {AA1B65BB-F62A-4E30-BC1D-0CB55BF2825E}
		{810F9EC9-030B-4C05-8AE0-AB9DAFEA1129} = {810F9EC9-030B-4C05-8AE0-AB9DAFEA1129}
	EndProjectSection
EndProject
Project("{8BC9CEB8-8B4A-11D0-8D11-00A0C91BC942}") = "SkyOSWin32Stub", "SkyOSWin32Stub\SkyOSWin32Stub.vcxproj", "{AA1B65BB-F62A-4E30-BC1D-0CB55BF2825E}"
EndProject
Project("{8BC9CEB8-8B4A-11D0-8D11-00A0C91BC942}") = "GUIEngine", "GUIEngine\GUIEngine.vcxproj", "{3BB94C29-5903-40F9-97A4-045CED8B94E6}"
	ProjectSection(ProjectDependencies) = postProject
		{83EE476C-AA21-4A23-9D6F-4FE675115B13} = {83EE476C-AA21-4A23-9D6F-4FE675115B13}
		{810F9EC9-030B-4C05-8AE0-AB9DAFEA1129} = {810F9EC9-030B-4C05-8AE0-AB9DAFEA1129}
	EndProjectSection
EndProject
Project("{8BC9CEB8-8B4A-11D0-8D11-00A0C91BC942}") = "DllStub", "DllStub\DllStub.vcxproj", "{810F9EC9-030B-4C05-8AE0-AB9DAFEA1129}"
EndProject
Project("{8BC9CEB8-8B4A-11D0-8D11-00A0C91BC942}") = "SkyOSLauncher", "SkyOSLauncher\SkyOSLauncher.vcxproj", "{88FE838A-58E8-47B6-AD4D-6F917C302AB6}"
	ProjectSection(ProjectDependencies) = postProject
		{83EE476C-AA21-4A23-9D6F-4FE675115B13} = {83EE476C-AA21-4A23-9D6F-4FE675115B13}
	EndProjectSection
EndProject
Project("{8BC9CEB8-8B4A-11D0-8D11-00A0C91BC942}") = "DebugEngine", "DebugEngine\DebugEngine\DebugEngine.vcxproj", "{11360EA7-B919-44E7-9F7E-2AA6985058B5}"
	ProjectSection(ProjectDependencies) = postProject
		{83EE476C-AA21-4A23-9D6F-4FE675115B13} = {83EE476C-AA21-4A23-9D6F-4FE675115B13}
		{810F9EC9-030B-4C05-8AE0-AB9DAFEA1129} = {810F9EC9-030B-4C05-8AE0-AB9DAFEA1129}
	EndProjectSection
EndProject
Project("{8BC9CEB8-8B4A-11D0-8D11-00A0C91BC942}") = "HangulInput", "HangulInput\HangulInput\HangulInput.vcxproj", "{063F5B1D-D472-4448-9AA6-942EBC947AA0}"
	ProjectSection(ProjectDependencies) = postProject
		{83EE476C-AA21-4A23-9D6F-4FE675115B13} = {83EE476C-AA21-4A23-9D6F-4FE675115B13}
		{810F9EC9-030B-4C05-8AE0-AB9DAFEA1129} = {810F9EC9-030B-4C05-8AE0-AB9DAFEA1129}
	EndProjectSection
EndProject
Project("{8BC9CEB8-8B4A-11D0-8D11-00A0C91BC942}") = "Lua5", "Lua5\Lua5\Lua5.vcxproj", "{A1B47F09-6D7C-4D4B-B05F-47DD4812E2D9}"
	ProjectSection(ProjectDependencies) = postProject
		{83EE476C-AA21-4A23-9D6F-4FE675115B13} = {83EE476C-AA21-4A23-9D6F-4FE675115B13}
	EndProjectSection
EndProject
Global
	GlobalSection(SolutionConfigurationPlatforms) = preSolution
		Debug|x64 = Debug|x64
		Debug|x86 = Debug|x86
		Release|x64 = Release|x64
		Release|x86 = Release|x86
	EndGlobalSection
	GlobalSection(ProjectConfigurationPlatforms) = postSolution
		{83EE476C-AA21-4A23-9D6F-4FE675115B13}.Debug|x64.ActiveCfg = Debug|Win32
		{83EE476C-AA21-4A23-9D6F-4FE675115B13}.Debug|x86.ActiveCfg = Debug|Win32
		{83EE476C-AA21-4A23-9D6F-4FE675115B13}.Debug|x86.Build.0 = Debug|Win32
		{83EE476C-AA21-4A23-9D6F-4FE675115B13}.Release|x64.ActiveCfg = Release|Win32
		{83EE476C-AA21-4A23-9D6F-4FE675115B13}.Release|x86.ActiveCfg = Release|Win32
		{83EE476C-AA21-4A23-9D6F-4FE675115B13}.Release|x86.Build.0 = Release|Win32
		{3EEB4C94-0534-40F5-BBF1-01C0C0AC5658}.Debug|x64.ActiveCfg = Debug|Win32
		{3EEB4C94-0534-40F5-BBF1-01C0C0AC5658}.Debug|x86.ActiveCfg = Debug|Win32
		{3EEB4C94-0534-40F5-BBF1-01C0C0AC5658}.Debug|x86.Build.0 = Debug|Win32
		{3EEB4C94-0534-40F5-BBF1-01C0C0AC5658}.Release|x64.ActiveCfg = Release|Win32
		{3EEB4C94-0534-40F5-BBF1-01C0C0AC5658}.Release|x86.ActiveCfg = Release|Win32
		{3EEB4C94-0534-40F5-BBF1-01C0C0AC5658}.Release|x86.Build.0 = Release|Win32
		{AA1B65BB-F62A-4E30-BC1D-0CB55BF2825E}.Debug|x64.ActiveCfg = Debug|x64
		{AA1B65BB-F62A-4E30-BC1D-0CB55BF2825E}.Debug|x64.Build.0 = Debug|x64
		{AA1B65BB-F62A-4E30-BC1D-0CB55BF2825E}.Debug|x86.ActiveCfg = Debug|Win32
		{AA1B65BB-F62A-4E30-BC1D-0CB55BF2825E}.Debug|x86.Build.0 = Debug|Win32
		{AA1B65BB-F62A-4E30-BC1D-0CB55BF2825E}.Release|x64.ActiveCfg = Release|x64
		{AA1B65BB-F62A-4E30-BC1D-0CB55BF2825E}.Release|x64.Build.0 = Release|x64
		{AA1B65BB-F62A-4E30-BC1D-0CB55BF2825E}.Release|x86.ActiveCfg = Release|Win32
		{AA1B65BB-F62A-4E30-BC1D-0CB55BF2825E}.Release|x86.Build.0 = Release|Win32
		{3BB94C29-5903-40F9-97A4-045CED8B94E6}.Debug|x64.ActiveCfg = Debug|x64
		{3BB94C29-5903-40F9-97A4-045CED8B94E6}.Debug|x64.Build.0 = Debug|x64
		{3BB94C29-5903-40F9-97A4-045CED8B94E6}.Debug|x86.ActiveCfg = Debug|Win32
		{3BB94C29-5903-40F9-97A4-045CED8B94E6}.Debug|x86.Build.0 = Debug|Win32
		{3BB94C29-5903-40F9-97A4-045CED8B94E6}.Release|x64.ActiveCfg = Release|x64
		{3BB94C29-5903-40F9-97A4-045CED8B94E6}.Release|x64.Build.0 = Release|x64
		{3BB94C29-5903-40F9-97A4-045CED8B94E6}.Release|x86.ActiveCfg = Release|Win32
		{3BB94C29-5903-40F9-97A4-045CED8B94E6}.Release|x86.Build.0 = Release|Win32
		{810F9EC9-030B-4C05-8AE0-AB9DAFEA1129}.Debug|x64.ActiveCfg = Debug|x64
		{810F9EC9-030B-4C05-8AE0-AB9DAFEA1129}.Debug|x64.Build.0 = Debug|x64
		{810F9EC9-030B-4C05-8AE0-AB9DAFEA1129}.Debug|x86.ActiveCfg = Debug|Win32
		{810F9EC9-030B-4C05-8AE0-AB9DAFEA1129}.Debug|x86.Build.0 = Debug|Win32
		{810F9EC9-030B-4C05-8AE0-AB9DAFEA1129}.Release|x64.ActiveCfg = Release|x64
		{810F9EC9-030B-4C05-8AE0-AB9DAFEA1129}.Release|x64.Build.0 = Release|x64
		{810F9EC9-030B-4C05-8AE0-AB9DAFEA1129}.Release|x86.ActiveCfg = Release|Win32
		{810F9EC9-030B-4C05-8AE0-AB9DAFEA1129}.Release|x86.Build.0 = Release|Win32
		{88FE838A-58E8-47B6-AD4D-6F917C302AB6}.Debug|x64.ActiveCfg = Debug|Win32
		{88FE838A-58E8-47B6-AD4D-6F917C302AB6}.Debug|x86.ActiveCfg = Debug|Win32
		{88FE838A-58E8-47B6-AD4D-6F917C302AB6}.Debug|x86.Build.0 = Debug|Win32
		{88FE838A-58E8-47B6-AD4D-6F917C302AB6}.Release|x64.ActiveCfg = Release|Win32
		{88FE838A-58E8-47B6-AD4D-6F917C302AB6}.Release|x86.ActiveCfg = Release|Win32
		{88FE838A-58E8-47B6-AD4D-6F917C302AB6}.Release|x86.Build.0 = Release|Win32
		{11360EA7-B919-44E7-9F7E-2AA6985058B5}.Debug|x64.ActiveCfg = Debug|x64
		{11360EA7-B919-44E7-9F7E-2AA6985058B5}.Debug|x64.Build.0 = Debug|x64
		{11360EA7-B919-44E7-9F7E-2AA6985058B5}.Debug|x86.ActiveCfg = Debug|Win32
		{11360EA7-B919-44E7-9F7E-2AA6985058B5}.Debug|x86.Build.0 = Debug|Win32
		{11360EA7-B919-44E7-9F7E-2AA6985058B5}.Release|x64.ActiveCfg = Release|x64
		{11360EA7-B919-44E7-9F7E-2AA6985058B5}.Release|x64.Build.0 = Release|x64
		{11360EA7-B919-44E7-9F7E-2AA6985058B5}.Release|x86.ActiveCfg = Release|Win32
		{11360EA7-B919-44E7-9F7E-2AA6985058B5}.Release|x86.Build.0 = Release|Win32
		{063F5B1D-D472-4448-9AA6-942EBC947AA0}.Debug|x64.ActiveCfg = Debug|x64
		{063F5B1D-D472-4448-9AA6-942EBC947AA0}.Debug|x64.Build.0 = Debug|x64
		{063F5B1D-D472-4448-9AA6-942EBC947AA0}.Debug|x86.ActiveCfg = Debug|Win32
		{063F5B1D-D472-4448-9AA6-942EBC947AA0}.Debug|x86.Build.0 = Debug|Win32
		{063F5B1D-D472-4448-9AA6-942EBC947AA0}.Release|x64.ActiveCfg = Release|x64
		{063F5B1D-D472-4448-9AA6-942EBC947AA0}.Release|x64.Build.0 = Release|x64
		{063F5B1D-D472-4448-9AA6-942EBC947AA0}.Release|x86.ActiveCfg = Release|Win32
		{063F5B1D-D472-4448-9AA6-942EBC947AA0}.Release|x86.Build.0 = Release|Win32
		{A1B47F09-6D7C-4D4B-B05F-47DD4812E2D9}.Debug|x64.ActiveCfg = Debug|x64
		{A1B47F09-6D7C-4D4B-B05F-47DD4812E2D9}.Debug|x64.Build.0 = Debug|x64
		{A1B47F09-6D7C-4D4B-B05F-47DD4812E2D9}.Debug|x86.ActiveCfg = Debug|Win32
		{A1B47F09-6D7C-4D4B-B05F-47DD4812E2D9}.Debug|x86.Build.0 = Debug|Win32
		{A1B47F09-6D7C-4D4B-B05F-47DD4812E2D9}.Release|x64.ActiveCfg = Release|x64
		{A1B47F09-6D7C-4D4B-B05F-47DD4812E2D9}.Release|x64.Build.0 = Release|x64
		{A1B47F09-6D7C-4D4B-B05F-47DD4812E2D9}.Release|x86.ActiveCfg = Release|Win32
		{A1B47F09-6D7C-4D4B-B05F-47DD4812E2D9}.Release|x86.Build.0 = Release|Win32
	EndGlobalSection
	GlobalSection(SolutionProperties) = preSolution
		HideSolutionNode = FALSE
	EndGlobalSection
	GlobalSection(ExtensibilityGlobals) = postSolution
		SolutionGuid = {3A883608-C613-4311-8112-9AF2B1E31ED4}
	EndGlobalSection
EndGlobal
